
Microsoft Visual Studio Solution File, Format Version 12.00
# Visual Studio Version 16
VisualStudioVersion = 16.0.31005.135
MinimumVisualStudioVersion = 10.0.40219.1
Project("{FAE04EC0-301F-11D3-BF4B-00C04F79EFBC}") = "AccountingNote.DBSource", "AccountingNote.DBSource\AccountingNote.DBSource.csproj", "{46B04AB8-E775-407E-8D9A-3C3D956E141C}"
EndProject
Project("{FAE04EC0-301F-11D3-BF4B-00C04F79EFBC}") = "AccountingNote", "AccountingNote\AccountingNote.csproj", "{5E1314C3-BC68-41BF-A4DC-0B75B3EFFA13}"
EndProject
Project("{FAE04EC0-301F-11D3-BF4B-00C04F79EFBC}") = "AccountingNote.Auth", "AccountingNote.Auth\AccountingNote.Auth.csproj", "{D5A7FA46-B9B4-442A-9399-7A6B784FEC8F}"
EndProject
Global
	GlobalSection(SolutionConfigurationPlatforms) = preSolution
		Debug|Any CPU = Debug|Any CPU
		Release|Any CPU = Release|Any CPU
	EndGlobalSection
	GlobalSection(ProjectConfigurationPlatforms) = postSolution
		{46B04AB8-E775-407E-8D9A-3C3D956E141C}.Debug|Any CPU.ActiveCfg = Debug|Any CPU
		{46B04AB8-E775-407E-8D9A-3C3D956E141C}.Debug|Any CPU.Build.0 = Debug|Any CPU
		{46B04AB8-E775-407E-8D9A-3C3D956E141C}.Release|Any CPU.ActiveCfg = Release|Any CPU
		{46B04AB8-E775-407E-8D9A-3C3D956E141C}.Release|Any CPU.Build.0 = Release|Any CPU
		{5E1314C3-BC68-41BF-A4DC-0B75B3EFFA13}.Debug|Any CPU.ActiveCfg = Debug|Any CPU
		{5E1314C3-BC68-41BF-A4DC-0B75B3EFFA13}.Debug|Any CPU.Build.0 = Debug|Any CPU
		{5E1314C3-BC68-41BF-A4DC-0B75B3EFFA13}.Release|Any CPU.ActiveCfg = Release|Any CPU
		{5E1314C3-BC68-41BF-A4DC-0B75B3EFFA13}.Release|Any CPU.Build.0 = Release|Any CPU
		{D5A7FA46-B9B4-442A-9399-7A6B784FEC8F}.Debug|Any CPU.ActiveCfg = Debug|Any CPU
		{D5A7FA46-B9B4-442A-9399-7A6B784FEC8F}.Debug|Any CPU.Build.0 = Debug|Any CPU
		{D5A7FA46-B9B4-442A-9399-7A6B784FEC8F}.Release|Any CPU.ActiveCfg = Release|Any CPU
		{D5A7FA46-B9B4-442A-9399-7A6B784FEC8F}.Release|Any CPU.Build.0 = Release|Any CPU
	EndGlobalSection
	GlobalSection(SolutionProperties) = preSolution
		HideSolutionNode = FALSE
	EndGlobalSection
	GlobalSection(ExtensibilityGlobals) = postSolution
		SolutionGuid = {5173C6F2-2486-4402-8DF8-73F63CA10B4E}
	EndGlobalSection
EndGlobal
